// !$*UTF8*$!
{
	archiveVersion = 1;
	classes = {
	};
	objectVersion = 46;
	objects = {

/* Begin PBXBuildFile section */
		DFA417981A1F5064007E9A13 /* main.m in Sources */ = {isa = PBXBuildFile; fileRef = DFA417971A1F5064007E9A13 /* main.m */; };
		DFA4179B1A1F5064007E9A13 /* AppDelegate.m in Sources */ = {isa = PBXBuildFile; fileRef = DFA4179A1A1F5064007E9A13 /* AppDelegate.m */; };
		DFA4179E1A1F5064007E9A13 /* ViewController.m in Sources */ = {isa = PBXBuildFile; fileRef = DFA4179D1A1F5064007E9A13 /* ViewController.m */; };
		DFA417A11A1F5064007E9A13 /* Main.storyboard in Resources */ = {isa = PBXBuildFile; fileRef = DFA4179F1A1F5064007E9A13 /* Main.storyboard */; };
		DFA417A31A1F5064007E9A13 /* Images.xcassets in Resources */ = {isa = PBXBuildFile; fileRef = DFA417A21A1F5064007E9A13 /* Images.xcassets */; };
		DFA417A61A1F5064007E9A13 /* LaunchScreen.xib in Resources */ = {isa = PBXBuildFile; fileRef = DFA417A41A1F5064007E9A13 /* LaunchScreen.xib */; };
		DFA417B21A1F5064007E9A13 /* testGitTests.m in Sources */ = {isa = PBXBuildFile; fileRef = DFA417B11A1F5064007E9A13 /* testGitTests.m */; };
/* End PBXBuildFile section */

/* Begin PBXContainerItemProxy section */
		DFA417AC1A1F5064007E9A13 /* PBXContainerItemProxy */ = {
			isa = PBXContainerItemProxy;
			containerPortal = DFA4178A1A1F5064007E9A13 /* Project object */;
			proxyType = 1;
			remoteGlobalIDString = DFA417911A1F5064007E9A13;
			remoteInfo = testGit;
		};
/* End PBXContainerItemProxy section */

/* Begin PBXFileReference section */
		DFA417921A1F5064007E9A13 /* testGit.app */ = {isa = PBXFileReference; explicitFileType = wrapper.application; includeInIndex = 0; path = testGit.app; sourceTree = BUILT_PRODUCTS_DIR; };
		DFA417961A1F5064007E9A13 /* Info.plist */ = {isa = PBXFileReference; lastKnownFileType = text.plist.xml; path = Info.plist; sourceTree = "<group>"; };
		DFA417971A1F5064007E9A13 /* main.m */ = {isa = PBXFileReference; lastKnownFileType = sourcecode.c.objc; path = main.m; sourceTree = "<group>"; };
		DFA417991A1F5064007E9A13 /* AppDelegate.h */ = {isa = PBXFileReference; lastKnownFileType = sourcecode.c.h; path = AppDelegate.h; sourceTree = "<group>"; };
		DFA4179A1A1F5064007E9A13 /* AppDelegate.m */ = {isa = PBXFileReference; lastKnownFileType = sourcecode.c.objc; path = AppDelegate.m; sourceTree = "<group>"; };
		DFA4179C1A1F5064007E9A13 /* ViewController.h */ = {isa = PBXFileReference; lastKnownFileType = sourcecode.c.h; path = ViewController.h; sourceTree = "<group>"; };
		DFA4179D1A1F5064007E9A13 /* ViewController.m */ = {isa = PBXFileReference; lastKnownFileType = sourcecode.c.objc; path = ViewController.m; sourceTree = "<group>"; };
		DFA417A01A1F5064007E9A13 /* Base */ = {isa = PBXFileReference; lastKnownFileType = file.storyboard; name = Base; path = Base.lproj/Main.storyboard; sourceTree = "<group>"; };
		DFA417A21A1F5064007E9A13 /* Images.xcassets */ = {isa = PBXFileReference; lastKnownFileType = folder.assetcatalog; path = Images.xcassets; sourceTree = "<group>"; };
		DFA417A51A1F5064007E9A13 /* Base */ = {isa = PBXFileReference; lastKnownFileType = file.xib; name = Base; path = Base.lproj/LaunchScreen.xib; sourceTree = "<group>"; };
		DFA417AB1A1F5064007E9A13 /* testGitTests.xctest */ = {isa = PBXFileReference; explicitFileType = wrapper.cfbundle; includeInIndex = 0; path = testGitTests.xctest; sourceTree = BUILT_PRODUCTS_DIR; };
		DFA417B01A1F5064007E9A13 /* Info.plist */ = {isa = PBXFileReference; lastKnownFileType = text.plist.xml; path = Info.plist; sourceTree = "<group>"; };
		DFA417B11A1F5064007E9A13 /* testGitTests.m */ = {isa = PBXFileReference; lastKnownFileType = sourcecode.c.objc; path = testGitTests.m; sourceTree = "<group>"; };
/* End PBXFileReference section */

/* Begin PBXFrameworksBuildPhase section */
		DFA4178F1A1F5064007E9A13 /* Frameworks */ = {
			isa = PBXFrameworksBuildPhase;
			buildActionMask = 2147483647;
			files = (
			);
			runOnlyForDeploymentPostprocessing = 0;
		};
		DFA417A81A1F5064007E9A13 /* Frameworks */ = {
			isa = PBXFrameworksBuildPhase;
			buildActionMask = 2147483647;
			files = (
			);
			runOnlyForDeploymentPostprocessing = 0;
		};
/* End PBXFrameworksBuildPhase section */

/* Begin PBXGroup section */
		DFA417891A1F5064007E9A13 = {
			isa = PBXGroup;
			children = (
				DFA417941A1F5064007E9A13 /* testGit */,
				DFA417AE1A1F5064007E9A13 /* testGitTests */,
				DFA417931A1F5064007E9A13 /* Products */,
			);
			sourceTree = "<group>";
		};
		DFA417931A1F5064007E9A13 /* Products */ = {
			isa = PBXGroup;
			children = (
				DFA417921A1F5064007E9A13 /* testGit.app */,
				DFA417AB1A1F5064007E9A13 /* testGitTests.xctest */,
			);
			name = Products;
			sourceTree = "<group>";
		};
		DFA417941A1F5064007E9A13 /* testGit */ = {
			isa = PBXGroup;
			children = (
				DFA417991A1F5064007E9A13 /* AppDelegate.h */,
				DFA4179A1A1F5064007E9A13 /* AppDelegate.m */,
				DFA4179C1A1F5064007E9A13 /* ViewController.h */,
				DFA4179D1A1F5064007E9A13 /* ViewController.m */,
				DFA4179F1A1F5064007E9A13 /* Main.storyboard */,
				DFA417A21A1F5064007E9A13 /* Images.xcassets */,
				DFA417A41A1F5064007E9A13 /* LaunchScreen.xib */,
				DFA417951A1F5064007E9A13 /* Supporting Files */,
			);
			path = testGit;
			sourceTree = "<group>";
		};
		DFA417951A1F5064007E9A13 /* Supporting Files */ = {
			isa = PBXGroup;
			children = (
				DFA417961A1F5064007E9A13 /* Info.plist */,
				DFA417971A1F5064007E9A13 /* main.m */,
			);
			name = "Supporting Files";
			sourceTree = "<group>";
		};
		DFA417AE1A1F5064007E9A13 /* testGitTests */ = {
			isa = PBXGroup;
			children = (
				DFA417B11A1F5064007E9A13 /* testGitTests.m */,
				DFA417AF1A1F5064007E9A13 /* Supporting Files */,
			);
			path = testGitTests;
			sourceTree = "<group>";
		};
		DFA417AF1A1F5064007E9A13 /* Supporting Files */ = {
			isa = PBXGroup;
			children = (
				DFA417B01A1F5064007E9A13 /* Info.plist */,
			);
			name = "Supporting Files";
			sourceTree = "<group>";
		};
/* End PBXGroup section */

/* Begin PBXNativeTarget section */
		DFA417911A1F5064007E9A13 /* testGit */ = {
			isa = PBXNativeTarget;
			buildConfigurationList = DFA417B51A1F5064007E9A13 /* Build configuration list for PBXNativeTarget "testGit" */;
			buildPhases = (
				DFA4178E1A1F5064007E9A13 /* Sources */,
				DFA4178F1A1F5064007E9A13 /* Frameworks */,
				DFA417901A1F5064007E9A13 /* Resources */,
			);
			buildRules = (
			);
			dependencies = (
			);
			name = testGit;
			productName = testGit;
			productReference = DFA417921A1F5064007E9A13 /* testGit.app */;
			productType = "com.apple.product-type.application";
		};
		DFA417AA1A1F5064007E9A13 /* testGitTests */ = {
			isa = PBXNativeTarget;
			buildConfigurationList = DFA417B81A1F5064007E9A13 /* Build configuration list for PBXNativeTarget "testGitTests" */;
			buildPhases = (
				DFA417A71A1F5064007E9A13 /* Sources */,
				DFA417A81A1F5064007E9A13 /* Frameworks */,
				DFA417A91A1F5064007E9A13 /* Resources */,
			);
			buildRules = (
			);
			dependencies = (
				DFA417AD1A1F5064007E9A13 /* PBXTargetDependency */,
			);
			name = testGitTests;
			productName = testGitTests;
			productReference = DFA417AB1A1F5064007E9A13 /* testGitTests.xctest */;
			productType = "com.apple.product-type.bundle.unit-test";
		};
/* End PBXNativeTarget section */

/* Begin PBXProject section */
		DFA4178A1A1F5064007E9A13 /* Project object */ = {
			isa = PBXProject;
			attributes = {
				LastUpgradeCheck = 0610;
				ORGANIZATIONNAME = "孙培峰";
				TargetAttributes = {
					DFA417911A1F5064007E9A13 = {
						CreatedOnToolsVersion = 6.1;
					};
					DFA417AA1A1F5064007E9A13 = {
						CreatedOnToolsVersion = 6.1;
						TestTargetID = DFA417911A1F5064007E9A13;
					};
				};
			};
			buildConfigurationList = DFA4178D1A1F5064007E9A13 /* Build configuration list for PBXProject "testGit" */;
			compatibilityVersion = "Xcode 3.2";
			developmentRegion = English;
			hasScannedForEncodings = 0;
			knownRegions = (
				en,
				Base,
			);
			mainGroup = DFA417891A1F5064007E9A13;
			productRefGroup = DFA417931A1F5064007E9A13 /* Products */;
			projectDirPath = "";
			projectRoot = "";
			targets = (
				DFA417911A1F5064007E9A13 /* testGit */,
				DFA417AA1A1F5064007E9A13 /* testGitTests */,
			);
		};
/* End PBXProject section */

/* Begin PBXResourcesBuildPhase section */
		DFA417901A1F5064007E9A13 /* Resources */ = {
			isa = PBXResourcesBuildPhase;
			buildActionMask = 2147483647;
			files = (
				DFA417A11A1F5064007E9A13 /* Main.storyboard in Resources */,
				DFA417A61A1F5064007E9A13 /* LaunchScreen.xib in Resources */,
				DFA417A31A1F5064007E9A13 /* Images.xcassets in Resources */,
			);
			runOnlyForDeploymentPostprocessing = 0;
		};
		DFA417A91A1F5064007E9A13 /* Resources */ = {
			isa = PBXResourcesBuildPhase;
			buildActionMask = 2147483647;
			files = (
			);
			runOnlyForDeploymentPostprocessing = 0;
		};
/* End PBXResourcesBuildPhase section */

/* Begin PBXSourcesBuildPhase section */
		DFA4178E1A1F5064007E9A13 /* Sources */ = {
			isa = PBXSourcesBuildPhase;
			buildActionMask = 2147483647;
			files = (
				DFA4179E1A1F5064007E9A13 /* ViewController.m in Sources */,
				DFA4179B1A1F5064007E9A13 /* AppDelegate.m in Sources */,
				DFA417981A1F5064007E9A13 /* main.m in Sources */,
			);
			runOnlyForDeploymentPostprocessing = 0;
		};
		DFA417A71A1F5064007E9A13 /* Sources */ = {
			isa = PBXSourcesBuildPhase;
			buildActionMask = 2147483647;
			files = (
				DFA417B21A1F5064007E9A13 /* testGitTests.m in Sources */,
			);
			runOnlyForDeploymentPostprocessing = 0;
		};
/* End PBXSourcesBuildPhase section */

/* Begin PBXTargetDependency section */
		DFA417AD1A1F5064007E9A13 /* PBXTargetDependency */ = {
			isa = PBXTargetDependency;
			target = DFA417911A1F5064007E9A13 /* testGit */;
			targetProxy = DFA417AC1A1F5064007E9A13 /* PBXContainerItemProxy */;
		};
/* End PBXTargetDependency section */

/* Begin PBXVariantGroup section */
		DFA4179F1A1F5064007E9A13 /* Main.storyboard */ = {
			isa = PBXVariantGroup;
			children = (
				DFA417A01A1F5064007E9A13 /* Base */,
			);
			name = Main.storyboard;
			sourceTree = "<group>";
		};
		DFA417A41A1F5064007E9A13 /* LaunchScreen.xib */ = {
			isa = PBXVariantGroup;
			children = (
				DFA417A51A1F5064007E9A13 /* Base */,
			);
			name = LaunchScreen.xib;
			sourceTree = "<group>";
		};
/* End PBXVariantGroup section */

/* Begin XCBuildConfiguration section */
		DFA417B31A1F5064007E9A13 /* Debug */ = {
			isa = XCBuildConfiguration;
			buildSettings = {
				ALWAYS_SEARCH_USER_PATHS = NO;
				CLANG_CXX_LANGUAGE_STANDARD = "gnu++0x";
				CLANG_CXX_LIBRARY = "libc++";
				CLANG_ENABLE_MODULES = YES;
				CLANG_ENABLE_OBJC_ARC = YES;
				CLANG_WARN_BOOL_CONVERSION = YES;
				CLANG_WARN_CONSTANT_CONVERSION = YES;
				CLANG_WARN_DIRECT_OBJC_ISA_USAGE = YES_ERROR;
				CLANG_WARN_EMPTY_BODY = YES;
				CLANG_WARN_ENUM_CONVERSION = YES;
				CLANG_WARN_INT_CONVERSION = YES;
				CLANG_WARN_OBJC_ROOT_CLASS = YES_ERROR;
				CLANG_WARN_UNREACHABLE_CODE = YES;
				CLANG_WARN__DUPLICATE_METHOD_MATCH = YES;
				"CODE_SIGN_IDENTITY[sdk=iphoneos*]" = "iPhone Developer";
				COPY_PHASE_STRIP = NO;
				ENABLE_STRICT_OBJC_MSGSEND = YES;
				GCC_C_LANGUAGE_STANDARD = gnu99;
				GCC_DYNAMIC_NO_PIC = NO;
				GCC_OPTIMIZATION_LEVEL = 0;
				GCC_PREPROCESSOR_DEFINITIONS = (
					"DEBUG=1",
					"$(inherited)",
				);
				GCC_SYMBOLS_PRIVATE_EXTERN = NO;
				GCC_WARN_64_TO_32_BIT_CONVERSION = YES;
				GCC_WARN_ABOUT_RETURN_TYPE = YES_ERROR;
				GCC_WARN_UNDECLARED_SELECTOR = YES;
				GCC_WARN_UNINITIALIZED_AUTOS = YES_AGGRESSIVE;
				GCC_WARN_UNUSED_FUNCTION = YES;
				GCC_WARN_UNUSED_VARIABLE = YES;
				IPHONEOS_DEPLOYMENT_TARGET = 8.1;
				MTL_ENABLE_DEBUG_INFO = YES;
				ONLY_ACTIVE_ARCH = YES;
				SDKROOT = iphoneos;
				TARGETED_DEVICE_FAMILY = "1,2";
			};
			name = Debug;
		};
		DFA417B41A1F5064007E9A13 /* Release */ = {
			isa = XCBuildConfiguration;
			buildSettings = {
				ALWAYS_SEARCH_USER_PATHS = NO;
				CLANG_CXX_LANGUAGE_STANDARD = "gnu++0x";
				CLANG_CXX_LIBRARY = "libc++";
				CLANG_ENABLE_MODULES = YES;
				CLANG_ENABLE_OBJC_ARC = YES;
				CLANG_WARN_BOOL_CONVERSION = YES;
				CLANG_WARN_CONSTANT_CONVERSION = YES;
				CLANG_WARN_DIRECT_OBJC_ISA_USAGE = YES_ERROR;
				CLANG_WARN_EMPTY_BODY = YES;
				CLANG_WARN_ENUM_CONVERSION = YES;
				CLANG_WARN_INT_CONVERSION = YES;
				CLANG_WARN_OBJC_ROOT_CLASS = YES_ERROR;
				CLANG_WARN_UNREACHABLE_CODE = YES;
				CLANG_WARN__DUPLICATE_METHOD_MATCH = YES;
				"CODE_SIGN_IDENTITY[sdk=iphoneos*]" = "iPhone Developer";
				COPY_PHASE_STRIP = YES;
				ENABLE_NS_ASSERTIONS = NO;
				ENABLE_STRICT_OBJC_MSGSEND = YES;
				GCC_C_LANGUAGE_STANDARD = gnu99;
				GCC_WARN_64_TO_32_BIT_CONVERSION = YES;
				GCC_WARN_ABOUT_RETURN_TYPE = YES_ERROR;
				GCC_WARN_UNDECLARED_SELECTOR = YES;
				GCC_WARN_UNINITIALIZED_AUTOS = YES_AGGRESSIVE;
				GCC_WARN_UNUSED_FUNCTION = YES;
				GCC_WARN_UNUSED_VARIABLE = YES;
				IPHONEOS_DEPLOYMENT_TARGET = 8.1;
				MTL_ENABLE_DEBUG_INFO = NO;
				SDKROOT = iphoneos;
				TARGETED_DEVICE_FAMILY = "1,2";
				VALIDATE_PRODUCT = YES;
			};
			name = Release;
		};
		DFA417B61A1F5064007E9A13 /* Debug */ = {
			isa = XCBuildConfiguration;
			buildSettings = {
				ASSETCATALOG_COMPILER_APPICON_NAME = AppIcon;
				INFOPLIST_FILE = testGit/Info.plist;
				LD_RUNPATH_SEARCH_PATHS = "$(inherited) @executable_path/Frameworks";
				PRODUCT_NAME = "$(TARGET_NAME)";
			};
			name = Debug;
		};
		DFA417B71A1F5064007E9A13 /* Release */ = {
			isa = XCBuildConfiguration;
			buildSettings = {
				ASSETCATALOG_COMPILER_APPICON_NAME = AppIcon;
				INFOPLIST_FILE = testGit/Info.plist;
				LD_RUNPATH_SEARCH_PATHS = "$(inherited) @executable_path/Frameworks";
				PRODUCT_NAME = "$(TARGET_NAME)";
			};
			name = Release;
		};
		DFA417B91A1F5064007E9A13 /* Debug */ = {
			isa = XCBuildConfiguration;
			buildSettings = {
				BUNDLE_LOADER = "$(TEST_HOST)";
				FRAMEWORK_SEARCH_PATHS = (
					"$(SDKROOT)/Developer/Library/Frameworks",
					"$(inherited)",
				);
				GCC_PREPROCESSOR_DEFINITIONS = (
					"DEBUG=1",
					"$(inherited)",
				);
				INFOPLIST_FILE = testGitTests/Info.plist;
				LD_RUNPATH_SEARCH_PATHS = "$(inherited) @executable_path/Frameworks @loader_path/Frameworks";
				PRODUCT_NAME = "$(TARGET_NAME)";
				TEST_HOST = "$(BUILT_PRODUCTS_DIR)/testGit.app/testGit";
			};
			name = Debug;
		};
		DFA417BA1A1F5064007E9A13 /* Release */ = {
			isa = XCBuildConfiguration;
			buildSettings = {
				BUNDLE_LOADER = "$(TEST_HOST)";
				FRAMEWORK_SEARCH_PATHS = (
					"$(SDKROOT)/Developer/Library/Frameworks",
					"$(inherited)",
				);
				INFOPLIST_FILE = testGitTests/Info.plist;
				LD_RUNPATH_SEARCH_PATHS = "$(inherited) @executable_path/Frameworks @loader_path/Frameworks";
				PRODUCT_NAME = "$(TARGET_NAME)";
				TEST_HOST = "$(BUILT_PRODUCTS_DIR)/testGit.app/testGit";
			};
			name = Release;
		};
/* End XCBuildConfiguration section */

/* Begin XCConfigurationList section */
		DFA4178D1A1F5064007E9A13 /* Build configuration list for PBXProject "testGit" */ = {
			isa = XCConfigurationList;
			buildConfigurations = (
				DFA417B31A1F5064007E9A13 /* Debug */,
				DFA417B41A1F5064007E9A13 /* Release */,
			);
			defaultConfigurationIsVisible = 0;
			defaultConfigurationName = Release;
		};
		DFA417B51A1F5064007E9A13 /* Build configuration list for PBXNativeTarget "testGit" */ = {
			isa = XCConfigurationList;
			buildConfigurations = (
				DFA417B61A1F5064007E9A13 /* Debug */,
				DFA417B71A1F5064007E9A13 /* Release */,
			);
			defaultConfigurationIsVisible = 0;
		};
		DFA417B81A1F5064007E9A13 /* Build configuration list for PBXNativeTarget "testGitTests" */ = {
			isa = XCConfigurationList;
			buildConfigurations = (
				DFA417B91A1F5064007E9A13 /* Debug */,
				DFA417BA1A1F5064007E9A13 /* Release */,
			);
			defaultConfigurationIsVisible = 0;
		};
/* End XCConfigurationList section */
	};
	rootObject = DFA4178A1A1F5064007E9A13 /* Project object */;
}
